
Microsoft Visual Studio Solution File, Format Version 12.00
Project("{FAE04EC0-301F-11D3-BF4B-00C04F79EFBC}") = "MonoNodeTest", "MonoNodeTest\MonoNodeTest.csproj", "{B1DC9A83-09EB-430D-ABDA-49026EF22CB8}"
EndProject
Project("{FAE04EC0-301F-11D3-BF4B-00C04F79EFBC}") = "MonoNode", "MonoNode\MonoNode.csproj", "{CD00103C-412F-4118-AF28-C0620BD8E2D2}"
EndProject
Global
	GlobalSection(SolutionConfigurationPlatforms) = preSolution
		Debug|Any CPU = Debug|Any CPU
		Release|Any CPU = Release|Any CPU
	EndGlobalSection
	GlobalSection(ProjectConfigurationPlatforms) = postSolution
		{B1DC9A83-09EB-430D-ABDA-49026EF22CB8}.Debug|Any CPU.ActiveCfg = Debug|Any CPU
		{B1DC9A83-09EB-430D-ABDA-49026EF22CB8}.Debug|Any CPU.Build.0 = Debug|Any CPU
		{B1DC9A83-09EB-430D-ABDA-49026EF22CB8}.Release|Any CPU.ActiveCfg = Release|Any CPU
		{B1DC9A83-09EB-430D-ABDA-49026EF22CB8}.Release|Any CPU.Build.0 = Release|Any CPU
		{CD00103C-412F-4118-AF28-C0620BD8E2D2}.Debug|Any CPU.ActiveCfg = Debug|Any CPU
		{CD00103C-412F-4118-AF28-C0620BD8E2D2}.Debug|Any CPU.Build.0 = Debug|Any CPU
		{CD00103C-412F-4118-AF28-C0620BD8E2D2}.Release|Any CPU.ActiveCfg = Release|Any CPU
		{CD00103C-412F-4118-AF28-C0620BD8E2D2}.Release|Any CPU.Build.0 = Release|Any CPU
	EndGlobalSection
EndGlobal
